
Microsoft Visual Studio Solution File, Format Version 11.00
# Visual C# Express 2010
Project("{FAE04EC0-301F-11D3-BF4B-00C04F79EFBC}") = "ImgurUploader", "ImageShackUploader\ImgurUploader.csproj", "{920E9D25-D50A-4279-A0BF-CF6A4F2E4531}"
EndProject
Global
	GlobalSection(SolutionConfigurationPlatforms) = preSolution
		Debug|Any CPU = Debug|Any CPU
		Release|Any CPU = Release|Any CPU
	EndGlobalSection
	GlobalSection(ProjectConfigurationPlatforms) = postSolution
		{920E9D25-D50A-4279-A0BF-CF6A4F2E4531}.Debug|Any CPU.ActiveCfg = Debug|Any CPU
		{920E9D25-D50A-4279-A0BF-CF6A4F2E4531}.Debug|Any CPU.Build.0 = Debug|Any CPU
		{920E9D25-D50A-4279-A0BF-CF6A4F2E4531}.Release|Any CPU.ActiveCfg = Release|Any CPU
		{920E9D25-D50A-4279-A0BF-CF6A4F2E4531}.Release|Any CPU.Build.0 = Release|Any CPU
	EndGlobalSection
	GlobalSection(SolutionProperties) = preSolution
		HideSolutionNode = FALSE
	EndGlobalSection
EndGlobal
